<?xml version="1.0" encoding="utf-8"?>
<Project ToolsVersion="4.0" xmlns="http://schemas.microsoft.com/developer/msbuild/2003">
  <ItemGroup>
    <ClCompile Include="src\cube.cpp">
      <Filter>소스 파일</Filter>
    </ClCompile>
    <ClCompile Include="src\InitShader.cpp">
      <Filter>소스 파일</Filter>
    </ClCompile>
  </ItemGroup>
  <ItemGroup>
    <None Include="src\fshader.glsl">
      <Filter>Shader Files</Filter>
    </None>
    <None Include="src\vshader.glsl">
      <Filter>Shader Files</Filter>
    </None>
  </ItemGroup>
  <ItemGroup>
    <Filter Include="Shader Files">
      <UniqueIdentifier>{8623d1ed-db90-4084-a207-0178d25d2f50}</UniqueIdentifier>
    </Filter>
    <Filter Include="소스 파일">
      <UniqueIdentifier>{3b6bb733-af86-473f-9fb3-5f5ec53e27c3}</UniqueIdentifier>
    </Filter>
    <Filter Include="헤더 파일">
      <UniqueIdentifier>{4c2a1a74-190e-40a5-83c3-febbac5d914e}</UniqueIdentifier>
    </Filter>
  </ItemGroup>
  <ItemGroup>
    <ClInclude Include="src\cube.h">
      <Filter>헤더 파일</Filter>
    </ClInclude>
  </ItemGroup>
</Project>